{
	"name": "horserace",
	"version": "1.0.0",
	"lockfileVersion": 1,
	"requires": true,
	"dependencies": {
		"@eslint/eslintrc": {
			"version": "1.3.0",
			"resolved": "https://registry.npmjs.org/@eslint/eslintrc/-/eslintrc-1.3.0.tgz",
			"integrity": "sha512-UWW0TMTmk2d7hLcWD1/e2g5HDM/HQ3csaLSqXCfqwh4uNDuNqlaKWXmEsL4Cs41Z0KnILNvwbHAah3C2yt06kw==",
			"dev": true,
			"requires": {
				"ajv": "^6.12.4",
				"debug": "^4.3.2",
				"espree": "^9.3.2",
				"globals": "^13.15.0",
				"ignore": "^5.2.0",
				"import-fresh": "^3.2.1",
				"js-yaml": "^4.1.0",
				"minimatch": "^3.1.2",
				"strip-json-comments": "^3.1.1"
			}
		},
		"@humanwhocodes/config-array": {
			"version": "0.9.5",
			"resolved": "https://registry.npmjs.org/@humanwhocodes/config-array/-/config-array-0.9.5.tgz",
			"integrity": "sha512-ObyMyWxZiCu/yTisA7uzx81s40xR2fD5Cg/2Kq7G02ajkNubJf6BopgDTmDyc3U7sXpNKM8cYOw7s7Tyr+DnCw==",
			"dev": true,
			"requires": {
				"@humanwhocodes/object-schema": "^1.2.1",
				"debug": "^4.1.1",
				"minimatch": "^3.0.4"
			}
		},
		"@humanwhocodes/object-schema": {
			"version": "1.2.1",
			"resolved": "https://registry.npmjs.org/@humanwhocodes/object-schema/-/object-schema-1.2.1.tgz",
			"integrity": "sha512-ZnQMnLV4e7hDlUvw8H+U8ASL02SS2Gn6+9Ac3wGGLIe7+je2AeAOxPY+izIPJDfFDb7eDjev0Us8MO1iFRN8hA==",
			"dev": true
		},
		"@pixi-spine/base": {
			"version": "3.0.15",
			"resolved": "https://registry.npmjs.org/@pixi-spine/base/-/base-3.0.15.tgz",
			"integrity": "sha512-5tuqbApTS7RFazWycyglnu0WA2mby39yX9Y8B2EoKEjuj2sB9TwzTW/h5dFqHZR6RjLs9zgVF5BkYen7Sv0fiw=="
		},
		"@pixi-spine/loader-base": {
			"version": "3.0.15",
			"resolved": "https://registry.npmjs.org/@pixi-spine/loader-base/-/loader-base-3.0.15.tgz",
			"integrity": "sha512-lCyLlUqgcmIEeDqgBHT0chXYhMemZZxP/6BtLYB7l9+K3EG3lgQcLVYWOzCrd+gg1BwuHTSCjDQMoUoXTyDxoQ==",
			"requires": {
				"@pixi-spine/base": "~3.0.15"
			}
		},
		"@pixi-spine/loader-uni": {
			"version": "3.0.15",
			"resolved": "https://registry.npmjs.org/@pixi-spine/loader-uni/-/loader-uni-3.0.15.tgz",
			"integrity": "sha512-dyG6v2pedbyQpf95zdkMfSs/UJQiAdooigXgrTafLopAkstxxl3MCRCjuyRs1KcV86H2J3sG6rWFxmZMfyHK+A==",
			"requires": {
				"@pixi-spine/base": "~3.0.15",
				"@pixi-spine/loader-base": "~3.0.15",
				"@pixi-spine/runtime-3.7": "~3.0.15",
				"@pixi-spine/runtime-3.8": "~3.0.15",
				"@pixi-spine/runtime-4.0": "~3.0.15"
			}
		},
		"@pixi-spine/runtime-3.7": {
			"version": "3.0.15",
			"resolved": "https://registry.npmjs.org/@pixi-spine/runtime-3.7/-/runtime-3.7-3.0.15.tgz",
			"integrity": "sha512-3+dlOoqX9ZHEHejOEHlwwktqoo/5waHWBDEJGpirrDdpeVWtXQ8QcB5lv0U1Sc4lsY7zQuMq3yt36yj7cQDZkA==",
			"requires": {
				"@pixi-spine/base": "~3.0.15"
			}
		},
		"@pixi-spine/runtime-3.8": {
			"version": "3.0.15",
			"resolved": "https://registry.npmjs.org/@pixi-spine/runtime-3.8/-/runtime-3.8-3.0.15.tgz",
			"integrity": "sha512-6lFS90/fxigl5x50bdx5s28xHZ7c1lt6VOHDY9eA44HFka6gdb1GpgiwzIL8pLKfSHDvnba1ejarj8pVXcCLng==",
			"requires": {
				"@pixi-spine/base": "~3.0.15"
			}
		},
		"@pixi-spine/runtime-4.0": {
			"version": "3.0.15",
			"resolved": "https://registry.npmjs.org/@pixi-spine/runtime-4.0/-/runtime-4.0-3.0.15.tgz",
			"integrity": "sha512-0FmbXVKaEJlTc6oFI2ieP1j/7DVA0GldGaWppjPKR27l6GOAoEp26ryu9SPIWi67FFPHn33yFUA7MKJ3FlGyAg==",
			"requires": {
				"@pixi-spine/base": "~3.0.15"
			}
		},
		"@pixi/accessibility": {
			"version": "6.3.2",
			"resolved": "https://registry.npmjs.org/@pixi/accessibility/-/accessibility-6.3.2.tgz",
			"integrity": "sha512-JLDuSGITGEOmR7s0d1Wxj7a3yIp4hP6w2h6ku6iu3clE/bmVtnvhqMX1D1lhjRW/uWUfpVT4U+8CG+LgSsEZ1g=="
		},
		"@pixi/app": {
			"version": "6.3.2",
			"resolved": "https://registry.npmjs.org/@pixi/app/-/app-6.3.2.tgz",
			"integrity": "sha512-V1jnhL92OPiquXtLxUeSZiVDd1mtjRnYpBKA958w29MrIRBx3Y6dgnvsaFZGGWBvSL//WRYV23iZKVL/jRGmmQ=="
		},
		"@pixi/compressed-textures": {
			"version": "6.3.2",
			"resolved": "https://registry.npmjs.org/@pixi/compressed-textures/-/compressed-textures-6.3.2.tgz",
			"integrity": "sha512-E/T9WsWcTstnCaDo3GQZUsvX2bE1tZwJ+rUVQ6ad+9MLI6mpUKJFUy5XXlnZw0uiKU5Hipi1ASPQ8/EQ7kKebA=="
		},
		"@pixi/constants": {
			"version": "6.3.2",
			"resolved": "https://registry.npmjs.org/@pixi/constants/-/constants-6.3.2.tgz",
			"integrity": "sha512-sUE8QEJNl4vWUybS0YqpVUBWoOyLkr5bSj1+3mpmbWJTMVmLB2voFXo7XpSNCBlLH1SBN5flcgJlUWOCgNyATg=="
		},
		"@pixi/core": {
			"version": "6.3.2",
			"resolved": "https://registry.npmjs.org/@pixi/core/-/core-6.3.2.tgz",
			"integrity": "sha512-91Fw0CbFpPtMKo5TG1wdaZGgR99lX87l15F7kgge7FM7ZR4EghLiJHU8whQ19f/UNOd8AG7mHD84lUB1VXXfoA==",
			"requires": {
				"@types/offscreencanvas": "^2019.6.4"
			}
		},
		"@pixi/display": {
			"version": "6.3.2",
			"resolved": "https://registry.npmjs.org/@pixi/display/-/display-6.3.2.tgz",
			"integrity": "sha512-D+WiM0BcyPK91RYxl7TXXVNz/5lOGs8Q6jtCMcWgTHwCXxWPOHFnNZ4KPJZpUQ7me8Tl2u+c9hfB5Oh1+17r/Q=="
		},
		"@pixi/extract": {
			"version": "6.3.2",
			"resolved": "https://registry.npmjs.org/@pixi/extract/-/extract-6.3.2.tgz",
			"integrity": "sha512-9DT3EG5dE/+HlSsbWLZ28/+YwGzHwgOPIMLB8AHxDsWYKzDg+SDK53IUE2UIeEiV8AFHwaDT2K+/qPFUUcS0Bw=="
		},
		"@pixi/filter-alpha": {
			"version": "6.3.2",
			"resolved": "https://registry.npmjs.org/@pixi/filter-alpha/-/filter-alpha-6.3.2.tgz",
			"integrity": "sha512-EhFnGuzUnQ94tosInBlMEOtiDtTAm4ZbWtoSYrH3GP7WORCQB5asWTFsOZv/QxwEbloRbxsDOATVIwS5ZcgNOg=="
		},
		"@pixi/filter-blur": {
			"version": "6.3.2",
			"resolved": "https://registry.npmjs.org/@pixi/filter-blur/-/filter-blur-6.3.2.tgz",
			"integrity": "sha512-408Z/Rc2LJRg8AaBfzStAph18G0pT3LdLowdTOqPI2s007jgT7wLr9CyWdRe6DdSmPikgnn50R3QG9YeOPWONw=="
		},
		"@pixi/filter-color-matrix": {
			"version": "6.3.2",
			"resolved": "https://registry.npmjs.org/@pixi/filter-color-matrix/-/filter-color-matrix-6.3.2.tgz",
			"integrity": "sha512-PRrQWRRUJ3qDqHhqYNcZ8H3tjXyFbIoUGdTOgB1uCNBHmzJ7Cirhs4lWYBBTvtduboUSGvLMpkv0sgFwodPw4Q=="
		},
		"@pixi/filter-displacement": {
			"version": "6.3.2",
			"resolved": "https://registry.npmjs.org/@pixi/filter-displacement/-/filter-displacement-6.3.2.tgz",
			"integrity": "sha512-Bda8jY3lVBwlG1GZadYPGXQPO7O+nTt64/KTXQgLtaKB+xj6Me5L7l9IDWtkHEoUTtQK4yCsbkdqKgLKKmNFYg=="
		},
		"@pixi/filter-fxaa": {
			"version": "6.3.2",
			"resolved": "https://registry.npmjs.org/@pixi/filter-fxaa/-/filter-fxaa-6.3.2.tgz",
			"integrity": "sha512-C5Ga5MJlBFoZUa5oOZEsEEByPzpa+JTRVT7+qQ01g4khU1Mnk/p8JvNm6DYUqw9Y821OR80AmHm2O+r5MkLhcQ=="
		},
		"@pixi/filter-noise": {
			"version": "6.3.2",
			"resolved": "https://registry.npmjs.org/@pixi/filter-noise/-/filter-noise-6.3.2.tgz",
			"integrity": "sha512-8lZdccDdlKTNktbD+8aeYfceayV6Rzq1P6NLpbvzFZbxH6JoaaNQb2TQgU+Vl/ZcssBB+IJ8MvJZbLuWKC4CmQ=="
		},
		"@pixi/graphics": {
			"version": "6.3.2",
			"resolved": "https://registry.npmjs.org/@pixi/graphics/-/graphics-6.3.2.tgz",
			"integrity": "sha512-GaykoXJr0pV0e9TB1yOcgvJf9i/fIF/cgT+DnGz82uninWMo31aFJSvhLbZOcEPQRfdHXdFfUkQAAMTICAp7+Q=="
		},
		"@pixi/interaction": {
			"version": "6.3.2",
			"resolved": "https://registry.npmjs.org/@pixi/interaction/-/interaction-6.3.2.tgz",
			"integrity": "sha512-HZyflufAW1B1cQmQBvzv4IxwcHbqQ0zhHiabSVtwPUHW/nCSpw09hL+k4HR/aFyCdRI/99JcvW5QJp1ldA6OBw=="
		},
		"@pixi/loaders": {
			"version": "6.3.2",
			"resolved": "https://registry.npmjs.org/@pixi/loaders/-/loaders-6.3.2.tgz",
			"integrity": "sha512-kkm1pynWTslQsh+h+Tw17MdeRMQ37Ht72xiZetyWbxadRAnzj+x1I9juEKEFK62mw8K/bGBcNPhu7edgmQwkvw=="
		},
		"@pixi/math": {
			"version": "6.3.2",
			"resolved": "https://registry.npmjs.org/@pixi/math/-/math-6.3.2.tgz",
			"integrity": "sha512-REXrCKQaT2shJ3p2Rpq1ZYV4iUeAOUFKnLN2KteQWtB5HQpB8b+w5xBGI+TcnY0FUhx92fbKPYTTvCftNZF4Jw=="
		},
		"@pixi/mesh": {
			"version": "6.3.2",
			"resolved": "https://registry.npmjs.org/@pixi/mesh/-/mesh-6.3.2.tgz",
			"integrity": "sha512-zhfagRDGkJx+H4a+Im3wQbCeS0Av1FyHzvPeBXXQ7LP/giwTnvJhItlhGMwgFllNEAIB47An0ffFEe5CmTcyKw=="
		},
		"@pixi/mesh-extras": {
			"version": "6.3.2",
			"resolved": "https://registry.npmjs.org/@pixi/mesh-extras/-/mesh-extras-6.3.2.tgz",
			"integrity": "sha512-lODKYkoHqynMK8QxE9ttZ1D+3LnHFG13YL4Yf1W9MGgy1N9G0E5DNB8/Z1BApbRxnRPRg8fsoP2bk5Bn9boWyw=="
		},
		"@pixi/mixin-cache-as-bitmap": {
			"version": "6.3.2",
			"resolved": "https://registry.npmjs.org/@pixi/mixin-cache-as-bitmap/-/mixin-cache-as-bitmap-6.3.2.tgz",
			"integrity": "sha512-Obqnf3Y2JBOtdewkaGb2oa8SDw3+JZCaOB+x0+pBqDivXpwX2eibS4PaYuGVTIa9FdcrGm9SyLOQlL5irEeEqA=="
		},
		"@pixi/mixin-get-child-by-name": {
			"version": "6.3.2",
			"resolved": "https://registry.npmjs.org/@pixi/mixin-get-child-by-name/-/mixin-get-child-by-name-6.3.2.tgz",
			"integrity": "sha512-R6RJzd1aQ5up5N7uO0boOp99gkSZVEbYKofJNRn1pFdzOmuVCgSqERAv9pQnjp5bBD8JvcKN+PYHPn+k+nTprQ=="
		},
		"@pixi/mixin-get-global-position": {
			"version": "6.3.2",
			"resolved": "https://registry.npmjs.org/@pixi/mixin-get-global-position/-/mixin-get-global-position-6.3.2.tgz",
			"integrity": "sha512-R7F1sH68fiIvB723doEzE0+k8OfhM5N0H+Ncp8iwLwXxfUDSHVj40nIngMtdK4bLSk29TTczOeXOzXkOAEVXhA=="
		},
		"@pixi/particle-container": {
			"version": "6.3.2",
			"resolved": "https://registry.npmjs.org/@pixi/particle-container/-/particle-container-6.3.2.tgz",
			"integrity": "sha512-iEHtE2AWQ0NZxv57VzfsBbEEp5WXAt91+l2lNvXf1SbzEm/bqjE56Q5bftx9tl3MJlDmOEfPzzKSwIUcZT+T6w=="
		},
		"@pixi/polyfill": {
			"version": "6.3.2",
			"resolved": "https://registry.npmjs.org/@pixi/polyfill/-/polyfill-6.3.2.tgz",
			"integrity": "sha512-LTKqL/de7TrBoJNh9netkQofwGBIO3NwwQbqBmP6rHXeaHBx9904Pkuf7GJspIFY09TOo5fnctYnJ1F7LfTljg==",
			"requires": {
				"object-assign": "^4.1.1",
				"promise-polyfill": "^8.2.0"
			}
		},
		"@pixi/prepare": {
			"version": "6.3.2",
			"resolved": "https://registry.npmjs.org/@pixi/prepare/-/prepare-6.3.2.tgz",
			"integrity": "sha512-HFV0jUgr5arNBlgctTRqMCgG42vq48J9QLBCZMCRObJQC5325nEXC1toeEekdzqNcGu5bO8/GKeb6+Km2XK2qA=="
		},
		"@pixi/runner": {
			"version": "6.3.2",
			"resolved": "https://registry.npmjs.org/@pixi/runner/-/runner-6.3.2.tgz",
			"integrity": "sha512-Sspv4VTiV51GwoIg+WudHZHpT3ad5ukW20OLOR+eDOSLbgQEMfj4cTVRg27TvM/QZ/5LxeN3FqwWV+kiWpqCnw=="
		},
		"@pixi/settings": {
			"version": "6.3.2",
			"resolved": "https://registry.npmjs.org/@pixi/settings/-/settings-6.3.2.tgz",
			"integrity": "sha512-i5cLDUWFnRub3LPa3x7IzkH8MjSwPHyHWzIZKG5t8RiCfbhVfhWGEdKO9AYp8yO/xcf7AqtPK4mikXziL48tXA==",
			"requires": {
				"ismobilejs": "^1.1.0"
			}
		},
		"@pixi/sprite": {
			"version": "6.3.2",
			"resolved": "https://registry.npmjs.org/@pixi/sprite/-/sprite-6.3.2.tgz",
			"integrity": "sha512-T1KJ8l2f8Otn6Se6h4b2pz2nrUSe59Pnmj2WIzgBisM245h7dGATs05MisMaLV6Lg/3gTBTxsLBmKsbDSQqbNw=="
		},
		"@pixi/sprite-animated": {
			"version": "6.3.2",
			"resolved": "https://registry.npmjs.org/@pixi/sprite-animated/-/sprite-animated-6.3.2.tgz",
			"integrity": "sha512-fSY64i5BqbOmtFKhgOWf9iML4gId7l5hcniUT/s95+eIZiyYss+jxeekVH22DrAyCOAIdsLEClvGCHGj8iXTFw=="
		},
		"@pixi/sprite-tiling": {
			"version": "6.3.2",
			"resolved": "https://registry.npmjs.org/@pixi/sprite-tiling/-/sprite-tiling-6.3.2.tgz",
			"integrity": "sha512-13zsz0xyxMvobEaSXQghSD44+MpSwpbQJYjPVPb7ItqETqQBaZgHpC5uF6vxFR6Hou8Ca8laxRuwgpn3lA095g=="
		},
		"@pixi/spritesheet": {
			"version": "6.3.2",
			"resolved": "https://registry.npmjs.org/@pixi/spritesheet/-/spritesheet-6.3.2.tgz",
			"integrity": "sha512-OCi2BUqcBbh2vvbrnLLBOwxFZMQS+rvjW3udBUNbbqUL+NHy74w8N5Ed8pcxXpdfHbApGG6TVJprCGahtmEfJw=="
		},
		"@pixi/text": {
			"version": "6.3.2",
			"resolved": "https://registry.npmjs.org/@pixi/text/-/text-6.3.2.tgz",
			"integrity": "sha512-YiPnUBmgZ0WzF0+XMm07iRg0jOyPbIjGmXJ+1srU5L9c3cCzvtg5QuYL0lPHS0Z6gyxhj/6ncePhBGO87RIKnA=="
		},
		"@pixi/text-bitmap": {
			"version": "6.3.2",
			"resolved": "https://registry.npmjs.org/@pixi/text-bitmap/-/text-bitmap-6.3.2.tgz",
			"integrity": "sha512-jvMeIxoAGDlSn5rHimISI9F6fTk8D+GXG0YQraRT9oXb1Ugy/bFJph3XOTe46s4oZ5R5QeCLQmo6k7TUIvbSkA=="
		},
		"@pixi/ticker": {
			"version": "6.3.2",
			"resolved": "https://registry.npmjs.org/@pixi/ticker/-/ticker-6.3.2.tgz",
			"integrity": "sha512-Au9IO85zCOOCz50aJALFxJ2C8gbgxvD0dSNm7A5FauanJbxDcctIyrW6I51nNyHyeLIUFEkuD2jE/DmcXsXnpw=="
		},
		"@pixi/utils": {
			"version": "6.3.2",
			"resolved": "https://registry.npmjs.org/@pixi/utils/-/utils-6.3.2.tgz",
			"integrity": "sha512-VpB403kfqwXK9w7Qb6ex0aW0g6pWI/t43F2Z8CA/lAfYcN3O0XoxDucvmkLTQWsMtYn+Yf7YhAcLV5SemKwP0A==",
			"requires": {
				"@types/earcut": "^2.1.0",
				"earcut": "^2.2.2",
				"eventemitter3": "^3.1.0",
				"url": "^0.11.0"
			}
		},
		"@types/earcut": {
			"version": "2.1.1",
			"resolved": "https://registry.npmjs.org/@types/earcut/-/earcut-2.1.1.tgz",
			"integrity": "sha512-w8oigUCDjElRHRRrMvn/spybSMyX8MTkKA5Dv+tS1IE/TgmNZPqUYtvYBXGY8cieSE66gm+szeK+bnbxC2xHTQ=="
		},
		"@types/offscreencanvas": {
			"version": "2019.7.0",
			"resolved": "https://registry.npmjs.org/@types/offscreencanvas/-/offscreencanvas-2019.7.0.tgz",
			"integrity": "sha512-PGcyveRIpL1XIqK8eBsmRBt76eFgtzuPiSTyKHZxnGemp2yzGzWpjYKAfK3wIMiU7eH+851yEpiuP8JZerTmWg=="
		},
		"acorn": {
			"version": "8.7.1",
			"resolved": "https://registry.npmjs.org/acorn/-/acorn-8.7.1.tgz",
			"integrity": "sha512-Xx54uLJQZ19lKygFXOWsscKUbsBZW0CPykPhVQdhIeIwrbPmJzqeASDInc8nKBnp/JT6igTs82qPXz069H8I/A==",
			"dev": true
		},
		"acorn-jsx": {
			"version": "5.3.2",
			"resolved": "https://registry.npmjs.org/acorn-jsx/-/acorn-jsx-5.3.2.tgz",
			"integrity": "sha512-rq9s+JNhf0IChjtDXxllJ7g41oZk5SlXtp0LHwyA5cejwn7vKmKp4pPri6YEePv2PU65sAsegbXtIinmDFDXgQ==",
			"dev": true
		},
		"ajv": {
			"version": "6.12.6",
			"resolved": "https://registry.npmjs.org/ajv/-/ajv-6.12.6.tgz",
			"integrity": "sha512-j3fVLgvTo527anyYyJOGTYJbG+vnnQYvE0m5mmkc1TK+nxAppkCLMIL0aZ4dblVCNoGShhm+kzE4ZUykBoMg4g==",
			"dev": true,
			"requires": {
				"fast-deep-equal": "^3.1.1",
				"fast-json-stable-stringify": "^2.0.0",
				"json-schema-traverse": "^0.4.1",
				"uri-js": "^4.2.2"
			}
		},
		"ansi-regex": {
			"version": "5.0.1",
			"resolved": "https://registry.npmjs.org/ansi-regex/-/ansi-regex-5.0.1.tgz",
			"integrity": "sha512-quJQXlTSUGL2LH9SUXo8VwsY4soanhgo6LNSm84E1LBcE8s3O0wpdiRzyR9z/ZZJMlMWv37qOOb9pdJlMUEKFQ==",
			"dev": true
		},
		"ansi-styles": {
			"version": "4.3.0",
			"resolved": "https://registry.npmjs.org/ansi-styles/-/ansi-styles-4.3.0.tgz",
			"integrity": "sha512-zbB9rCJAT1rbjiVDb2hqKFHNYLxgtk8NURxZ3IZwD3F6NtxbXZQCnnSi1Lkx+IDohdPlFp222wVALIheZJQSEg==",
			"dev": true,
			"requires": {
				"color-convert": "^2.0.1"
			}
		},
		"argparse": {
			"version": "2.0.1",
			"resolved": "https://registry.npmjs.org/argparse/-/argparse-2.0.1.tgz",
			"integrity": "sha512-8+9WqebbFzpX9OR+Wa6O29asIogeRMzcGtAINdpMHHyAg10f05aSFVBbcEqGf/PXw1EjAZ+q2/bEBg3DvurK3Q==",
			"dev": true
		},
		"balanced-match": {
			"version": "1.0.2",
			"resolved": "https://registry.npmjs.org/balanced-match/-/balanced-match-1.0.2.tgz",
			"integrity": "sha512-3oSeUO0TMV67hN1AmbXsK4yaqU7tjiHlbxRDZOpH0KW9+CeX4bRAaX0Anxt0tx2MrpRpWwQaPwIlISEJhYU5Pw==",
			"dev": true
		},
		"brace-expansion": {
			"version": "1.1.11",
			"resolved": "https://registry.npmjs.org/brace-expansion/-/brace-expansion-1.1.11.tgz",
			"integrity": "sha512-iCuPHDFgrHX7H2vEI/5xpz07zSHB00TpugqhmYtVmMO6518mCuRMoOYFldEBl0g187ufozdaHgWKcYFb61qGiA==",
			"dev": true,
			"requires": {
				"balanced-match": "^1.0.0",
				"concat-map": "0.0.1"
			}
		},
		"callsites": {
			"version": "3.1.0",
			"resolved": "https://registry.npmjs.org/callsites/-/callsites-3.1.0.tgz",
			"integrity": "sha512-P8BjAsXvZS+VIDUI11hHCQEv74YT67YUi5JJFNWIqL235sBmjX4+qx9Muvls5ivyNENctx46xQLQ3aTuE7ssaQ==",
			"dev": true
		},
		"chalk": {
			"version": "4.1.2",
			"resolved": "https://registry.npmjs.org/chalk/-/chalk-4.1.2.tgz",
			"integrity": "sha512-oKnbhFyRIXpUuez8iBMmyEa4nbj4IOQyuhc/wy9kY7/WVPcwIO9VA668Pu8RkO7+0G76SLROeyw9CpQ061i4mA==",
			"dev": true,
			"requires": {
				"ansi-styles": "^4.1.0",
				"supports-color": "^7.1.0"
			}
		},
		"color-convert": {
			"version": "2.0.1",
			"resolved": "https://registry.npmjs.org/color-convert/-/color-convert-2.0.1.tgz",
			"integrity": "sha512-RRECPsj7iu/xb5oKYcsFHSppFNnsj/52OVTRKb4zP5onXwVF3zVmmToNcOfGC+CRDpfK/U584fMg38ZHCaElKQ==",
			"dev": true,
			"requires": {
				"color-name": "~1.1.4"
			}
		},
		"color-name": {
			"version": "1.1.4",
			"resolved": "https://registry.npmjs.org/color-name/-/color-name-1.1.4.tgz",
			"integrity": "sha512-dOy+3AuW3a2wNbZHIuMZpTcgjGuLU/uBL/ubcZF9OXbDo8ff4O8yVp5Bf0efS8uEoYo5q4Fx7dY9OgQGXgAsQA==",
			"dev": true
		},
		"concat-map": {
			"version": "0.0.1",
			"resolved": "https://registry.npmjs.org/concat-map/-/concat-map-0.0.1.tgz",
			"integrity": "sha512-/Srv4dswyQNBfohGpz9o6Yb3Gz3SrUDqBH5rTuhGR7ahtlbYKnVxw2bCFMRljaA7EXHaXZ8wsHdodFvbkhKmqg==",
			"dev": true
		},
		"cross-spawn": {
			"version": "7.0.3",
			"resolved": "https://registry.npmjs.org/cross-spawn/-/cross-spawn-7.0.3.tgz",
			"integrity": "sha512-iRDPJKUPVEND7dHPO8rkbOnPpyDygcDFtWjpeWNCgy8WP2rXcxXL8TskReQl6OrB2G7+UJrags1q15Fudc7G6w==",
			"dev": true,
			"requires": {
				"path-key": "^3.1.0",
				"shebang-command": "^2.0.0",
				"which": "^2.0.1"
			}
		},
		"debug": {
			"version": "4.3.4",
			"resolved": "https://registry.npmjs.org/debug/-/debug-4.3.4.tgz",
			"integrity": "sha512-PRWFHuSU3eDtQJPvnNY7Jcket1j0t5OuOsFzPPzsekD52Zl8qUfFIPEiswXqIvHWGVHOgX+7G/vCNNhehwxfkQ==",
			"dev": true,
			"requires": {
				"ms": "2.1.2"
			}
		},
		"deep-is": {
			"version": "0.1.4",
			"resolved": "https://registry.npmjs.org/deep-is/-/deep-is-0.1.4.tgz",
			"integrity": "sha512-oIPzksmTg4/MriiaYGO+okXDT7ztn/w3Eptv/+gSIdMdKsJo0u4CfYNFJPy+4SKMuCqGw2wxnA+URMg3t8a/bQ==",
			"dev": true
		},
		"doctrine": {
			"version": "3.0.0",
			"resolved": "https://registry.npmjs.org/doctrine/-/doctrine-3.0.0.tgz",
			"integrity": "sha512-yS+Q5i3hBf7GBkd4KG8a7eBNNWNGLTaEwwYWUijIYM7zrlYDM0BFXHjjPWlWZ1Rg7UaddZeIDmi9jF3HmqiQ2w==",
			"dev": true,
			"requires": {
				"esutils": "^2.0.2"
			}
		},
		"earcut": {
			"version": "2.2.3",
			"resolved": "https://registry.npmjs.org/earcut/-/earcut-2.2.3.tgz",
			"integrity": "sha512-iRDI1QeCQIhMCZk48DRDMVgQSSBDmbzzNhnxIo+pwx3swkfjMh6vh0nWLq1NdvGHLKH6wIrAM3vQWeTj6qeoug=="
		},
		"esbuild": {
			"version": "0.13.15",
			"resolved": "https://registry.npmjs.org/esbuild/-/esbuild-0.13.15.tgz",
			"integrity": "sha512-raCxt02HBKv8RJxE8vkTSCXGIyKHdEdGfUmiYb8wnabnaEmHzyW7DCHb5tEN0xU8ryqg5xw54mcwnYkC4x3AIw==",
			"dev": true,
			"requires": {
				"esbuild-android-arm64": "0.13.15",
				"esbuild-darwin-64": "0.13.15",
				"esbuild-darwin-arm64": "0.13.15",
				"esbuild-freebsd-64": "0.13.15",
				"esbuild-freebsd-arm64": "0.13.15",
				"esbuild-linux-32": "0.13.15",
				"esbuild-linux-64": "0.13.15",
				"esbuild-linux-arm": "0.13.15",
				"esbuild-linux-arm64": "0.13.15",
				"esbuild-linux-mips64le": "0.13.15",
				"esbuild-linux-ppc64le": "0.13.15",
				"esbuild-netbsd-64": "0.13.15",
				"esbuild-openbsd-64": "0.13.15",
				"esbuild-sunos-64": "0.13.15",
				"esbuild-windows-32": "0.13.15",
				"esbuild-windows-64": "0.13.15",
				"esbuild-windows-arm64": "0.13.15"
			}
		},
		"esbuild-android-arm64": {
			"version": "0.13.15",
			"resolved": "https://registry.npmjs.org/esbuild-android-arm64/-/esbuild-android-arm64-0.13.15.tgz",
			"integrity": "sha512-m602nft/XXeO8YQPUDVoHfjyRVPdPgjyyXOxZ44MK/agewFFkPa8tUo6lAzSWh5Ui5PB4KR9UIFTSBKh/RrCmg==",
			"dev": true,
			"optional": true
		},
		"esbuild-darwin-64": {
			"version": "0.13.15",
			"resolved": "https://registry.npmjs.org/esbuild-darwin-64/-/esbuild-darwin-64-0.13.15.tgz",
			"integrity": "sha512-ihOQRGs2yyp7t5bArCwnvn2Atr6X4axqPpEdCFPVp7iUj4cVSdisgvEKdNR7yH3JDjW6aQDw40iQFoTqejqxvQ==",
			"dev": true,
			"optional": true
		},
		"esbuild-darwin-arm64": {
			"version": "0.13.15",
			"resolved": "https://registry.npmjs.org/esbuild-darwin-arm64/-/esbuild-darwin-arm64-0.13.15.tgz",
			"integrity": "sha512-i1FZssTVxUqNlJ6cBTj5YQj4imWy3m49RZRnHhLpefFIh0To05ow9DTrXROTE1urGTQCloFUXTX8QfGJy1P8dQ==",
			"dev": true,
			"optional": true
		},
		"esbuild-freebsd-64": {
			"version": "0.13.15",
			"resolved": "https://registry.npmjs.org/esbuild-freebsd-64/-/esbuild-freebsd-64-0.13.15.tgz",
			"integrity": "sha512-G3dLBXUI6lC6Z09/x+WtXBXbOYQZ0E8TDBqvn7aMaOCzryJs8LyVXKY4CPnHFXZAbSwkCbqiPuSQ1+HhrNk7EA==",
			"dev": true,
			"optional": true
		},
		"esbuild-freebsd-arm64": {
			"version": "0.13.15",
			"resolved": "https://registry.npmjs.org/esbuild-freebsd-arm64/-/esbuild-freebsd-arm64-0.13.15.tgz",
			"integrity": "sha512-KJx0fzEDf1uhNOZQStV4ujg30WlnwqUASaGSFPhznLM/bbheu9HhqZ6mJJZM32lkyfGJikw0jg7v3S0oAvtvQQ==",
			"dev": true,
			"optional": true
		},
		"esbuild-linux-32": {
			"version": "0.13.15",
			"resolved": "https://registry.npmjs.org/esbuild-linux-32/-/esbuild-linux-32-0.13.15.tgz",
			"integrity": "sha512-ZvTBPk0YWCLMCXiFmD5EUtB30zIPvC5Itxz0mdTu/xZBbbHJftQgLWY49wEPSn2T/TxahYCRDWun5smRa0Tu+g==",
			"dev": true,
			"optional": true
		},
		"esbuild-linux-64": {
			"version": "0.13.15",
			"resolved": "https://registry.npmjs.org/esbuild-linux-64/-/esbuild-linux-64-0.13.15.tgz",
			"integrity": "sha512-eCKzkNSLywNeQTRBxJRQ0jxRCl2YWdMB3+PkWFo2BBQYC5mISLIVIjThNtn6HUNqua1pnvgP5xX0nHbZbPj5oA==",
			"dev": true,
			"optional": true
		},
		"esbuild-linux-arm": {
			"version": "0.13.15",
			"resolved": "https://registry.npmjs.org/esbuild-linux-arm/-/esbuild-linux-arm-0.13.15.tgz",
			"integrity": "sha512-wUHttDi/ol0tD8ZgUMDH8Ef7IbDX+/UsWJOXaAyTdkT7Yy9ZBqPg8bgB/Dn3CZ9SBpNieozrPRHm0BGww7W/jA==",
			"dev": true,
			"optional": true
		},
		"esbuild-linux-arm64": {
			"version": "0.13.15",
			"resolved": "https://registry.npmjs.org/esbuild-linux-arm64/-/esbuild-linux-arm64-0.13.15.tgz",
			"integrity": "sha512-bYpuUlN6qYU9slzr/ltyLTR9YTBS7qUDymO8SV7kjeNext61OdmqFAzuVZom+OLW1HPHseBfJ/JfdSlx8oTUoA==",
			"dev": true,
			"optional": true
		},
		"esbuild-linux-mips64le": {
			"version": "0.13.15",
			"resolved": "https://registry.npmjs.org/esbuild-linux-mips64le/-/esbuild-linux-mips64le-0.13.15.tgz",
			"integrity": "sha512-KlVjIG828uFPyJkO/8gKwy9RbXhCEUeFsCGOJBepUlpa7G8/SeZgncUEz/tOOUJTcWMTmFMtdd3GElGyAtbSWg==",
			"dev": true,
			"optional": true
		},
		"esbuild-linux-ppc64le": {
			"version": "0.13.15",
			"resolved": "https://registry.npmjs.org/esbuild-linux-ppc64le/-/esbuild-linux-ppc64le-0.13.15.tgz",
			"integrity": "sha512-h6gYF+OsaqEuBjeesTBtUPw0bmiDu7eAeuc2OEH9S6mV9/jPhPdhOWzdeshb0BskRZxPhxPOjqZ+/OqLcxQwEQ==",
			"dev": true,
			"optional": true
		},
		"esbuild-netbsd-64": {
			"version": "0.13.15",
			"resolved": "https://registry.npmjs.org/esbuild-netbsd-64/-/esbuild-netbsd-64-0.13.15.tgz",
			"integrity": "sha512-3+yE9emwoevLMyvu+iR3rsa+Xwhie7ZEHMGDQ6dkqP/ndFzRHkobHUKTe+NCApSqG5ce2z4rFu+NX/UHnxlh3w==",
			"dev": true,
			"optional": true
		},
		"esbuild-openbsd-64": {
			"version": "0.13.15",
			"resolved": "https://registry.npmjs.org/esbuild-openbsd-64/-/esbuild-openbsd-64-0.13.15.tgz",
			"integrity": "sha512-wTfvtwYJYAFL1fSs8yHIdf5GEE4NkbtbXtjLWjM3Cw8mmQKqsg8kTiqJ9NJQe5NX/5Qlo7Xd9r1yKMMkHllp5g==",
			"dev": true,
			"optional": true
		},
		"esbuild-sunos-64": {
			"version": "0.13.15",
			"resolved": "https://registry.npmjs.org/esbuild-sunos-64/-/esbuild-sunos-64-0.13.15.tgz",
			"integrity": "sha512-lbivT9Bx3t1iWWrSnGyBP9ODriEvWDRiweAs69vI+miJoeKwHWOComSRukttbuzjZ8r1q0mQJ8Z7yUsDJ3hKdw==",
			"dev": true,
			"optional": true
		},
		"esbuild-windows-32": {
			"version": "0.13.15",
			"resolved": "https://registry.npmjs.org/esbuild-windows-32/-/esbuild-windows-32-0.13.15.tgz",
			"integrity": "sha512-fDMEf2g3SsJ599MBr50cY5ve5lP1wyVwTe6aLJsM01KtxyKkB4UT+fc5MXQFn3RLrAIAZOG+tHC+yXObpSn7Nw==",
			"dev": true,
			"optional": true
		},
		"esbuild-windows-64": {
			"version": "0.13.15",
			"resolved": "https://registry.npmjs.org/esbuild-windows-64/-/esbuild-windows-64-0.13.15.tgz",
			"integrity": "sha512-9aMsPRGDWCd3bGjUIKG/ZOJPKsiztlxl/Q3C1XDswO6eNX/Jtwu4M+jb6YDH9hRSUflQWX0XKAfWzgy5Wk54JQ==",
			"dev": true,
			"optional": true
		},
		"esbuild-windows-arm64": {
			"version": "0.13.15",
			"resolved": "https://registry.npmjs.org/esbuild-windows-arm64/-/esbuild-windows-arm64-0.13.15.tgz",
			"integrity": "sha512-zzvyCVVpbwQQATaf3IG8mu1IwGEiDxKkYUdA4FpoCHi1KtPa13jeScYDjlW0Qh+ebWzpKfR2ZwvqAQkSWNcKjA==",
			"dev": true,
			"optional": true
		},
		"escape-string-regexp": {
			"version": "4.0.0",
			"resolved": "https://registry.npmjs.org/escape-string-regexp/-/escape-string-regexp-4.0.0.tgz",
			"integrity": "sha512-TtpcNJ3XAzx3Gq8sWRzJaVajRs0uVxA2YAkdb1jm2YkPz4G6egUFAyA3n5vtEIZefPk5Wa4UXbKuS5fKkJWdgA==",
			"dev": true
		},
		"eslint": {
			"version": "8.16.0",
			"resolved": "https://registry.npmjs.org/eslint/-/eslint-8.16.0.tgz",
			"integrity": "sha512-MBndsoXY/PeVTDJeWsYj7kLZ5hQpJOfMYLsF6LicLHQWbRDG19lK5jOix4DPl8yY4SUFcE3txy86OzFLWT+yoA==",
			"dev": true,
			"requires": {
				"@eslint/eslintrc": "^1.3.0",
				"@humanwhocodes/config-array": "^0.9.2",
				"ajv": "^6.10.0",
				"chalk": "^4.0.0",
				"cross-spawn": "^7.0.2",
				"debug": "^4.3.2",
				"doctrine": "^3.0.0",
				"escape-string-regexp": "^4.0.0",
				"eslint-scope": "^7.1.1",
				"eslint-utils": "^3.0.0",
				"eslint-visitor-keys": "^3.3.0",
				"espree": "^9.3.2",
				"esquery": "^1.4.0",
				"esutils": "^2.0.2",
				"fast-deep-equal": "^3.1.3",
				"file-entry-cache": "^6.0.1",
				"functional-red-black-tree": "^1.0.1",
				"glob-parent": "^6.0.1",
				"globals": "^13.15.0",
				"ignore": "^5.2.0",
				"import-fresh": "^3.0.0",
				"imurmurhash": "^0.1.4",
				"is-glob": "^4.0.0",
				"js-yaml": "^4.1.0",
				"json-stable-stringify-without-jsonify": "^1.0.1",
				"levn": "^0.4.1",
				"lodash.merge": "^4.6.2",
				"minimatch": "^3.1.2",
				"natural-compare": "^1.4.0",
				"optionator": "^0.9.1",
				"regexpp": "^3.2.0",
				"strip-ansi": "^6.0.1",
				"strip-json-comments": "^3.1.0",
				"text-table": "^0.2.0",
				"v8-compile-cache": "^2.0.3"
			}
		},
		"eslint-scope": {
			"version": "7.1.1",
			"resolved": "https://registry.npmjs.org/eslint-scope/-/eslint-scope-7.1.1.tgz",
			"integrity": "sha512-QKQM/UXpIiHcLqJ5AOyIW7XZmzjkzQXYE54n1++wb0u9V/abW3l9uQnxX8Z5Xd18xyKIMTUAyQ0k1e8pz6LUrw==",
			"dev": true,
			"requires": {
				"esrecurse": "^4.3.0",
				"estraverse": "^5.2.0"
			}
		},
		"eslint-utils": {
			"version": "3.0.0",
			"resolved": "https://registry.npmjs.org/eslint-utils/-/eslint-utils-3.0.0.tgz",
			"integrity": "sha512-uuQC43IGctw68pJA1RgbQS8/NP7rch6Cwd4j3ZBtgo4/8Flj4eGE7ZYSZRN3iq5pVUv6GPdW5Z1RFleo84uLDA==",
			"dev": true,
			"requires": {
				"eslint-visitor-keys": "^2.0.0"
			},
			"dependencies": {
				"eslint-visitor-keys": {
					"version": "2.1.0",
					"resolved": "https://registry.npmjs.org/eslint-visitor-keys/-/eslint-visitor-keys-2.1.0.tgz",
					"integrity": "sha512-0rSmRBzXgDzIsD6mGdJgevzgezI534Cer5L/vyMX0kHzT/jiB43jRhd9YUlMGYLQy2zprNmoT8qasCGtY+QaKw==",
					"dev": true
				}
			}
		},
		"eslint-visitor-keys": {
			"version": "3.3.0",
			"resolved": "https://registry.npmjs.org/eslint-visitor-keys/-/eslint-visitor-keys-3.3.0.tgz",
			"integrity": "sha512-mQ+suqKJVyeuwGYHAdjMFqjCyfl8+Ldnxuyp3ldiMBFKkvytrXUZWaiPCEav8qDHKty44bD+qV1IP4T+w+xXRA==",
			"dev": true
		},
		"espree": {
			"version": "9.3.2",
			"resolved": "https://registry.npmjs.org/espree/-/espree-9.3.2.tgz",
			"integrity": "sha512-D211tC7ZwouTIuY5x9XnS0E9sWNChB7IYKX/Xp5eQj3nFXhqmiUDB9q27y76oFl8jTg3pXcQx/bpxMfs3CIZbA==",
			"dev": true,
			"requires": {
				"acorn": "^8.7.1",
				"acorn-jsx": "^5.3.2",
				"eslint-visitor-keys": "^3.3.0"
			}
		},
		"esquery": {
			"version": "1.4.0",
			"resolved": "https://registry.npmjs.org/esquery/-/esquery-1.4.0.tgz",
			"integrity": "sha512-cCDispWt5vHHtwMY2YrAQ4ibFkAL8RbH5YGBnZBc90MolvvfkkQcJro/aZiAQUlQ3qgrYS6D6v8Gc5G5CQsc9w==",
			"dev": true,
			"requires": {
				"estraverse": "^5.1.0"
			}
		},
		"esrecurse": {
			"version": "4.3.0",
			"resolved": "https://registry.npmjs.org/esrecurse/-/esrecurse-4.3.0.tgz",
			"integrity": "sha512-KmfKL3b6G+RXvP8N1vr3Tq1kL/oCFgn2NYXEtqP8/L3pKapUA4G8cFVaoF3SU323CD4XypR/ffioHmkti6/Tag==",
			"dev": true,
			"requires": {
				"estraverse": "^5.2.0"
			}
		},
		"estraverse": {
			"version": "5.3.0",
			"resolved": "https://registry.npmjs.org/estraverse/-/estraverse-5.3.0.tgz",
			"integrity": "sha512-MMdARuVEQziNTeJD8DgMqmhwR11BRQ/cBP+pLtYdSTnf3MIO8fFeiINEbX36ZdNlfU/7A9f3gUw49B3oQsvwBA==",
			"dev": true
		},
		"esutils": {
			"version": "2.0.3",
			"resolved": "https://registry.npmjs.org/esutils/-/esutils-2.0.3.tgz",
			"integrity": "sha512-kVscqXk4OCp68SZ0dkgEKVi6/8ij300KBWTJq32P/dYeWTSwK41WyTxalN1eRmA5Z9UU/LX9D7FWSmV9SAYx6g==",
			"dev": true
		},
		"eventemitter3": {
			"version": "3.1.2",
			"resolved": "https://registry.npmjs.org/eventemitter3/-/eventemitter3-3.1.2.tgz",
			"integrity": "sha512-tvtQIeLVHjDkJYnzf2dgVMxfuSGJeM/7UCG17TT4EumTfNtF+0nebF/4zWOIkCreAbtNqhGEboB6BWrwqNaw4Q=="
		},
		"fast-deep-equal": {
			"version": "3.1.3",
			"resolved": "https://registry.npmjs.org/fast-deep-equal/-/fast-deep-equal-3.1.3.tgz",
			"integrity": "sha512-f3qQ9oQy9j2AhBe/H9VC91wLmKBCCU/gDOnKNAYG5hswO7BLKj09Hc5HYNz9cGI++xlpDCIgDaitVs03ATR84Q==",
			"dev": true
		},
		"fast-json-stable-stringify": {
			"version": "2.1.0",
			"resolved": "https://registry.npmjs.org/fast-json-stable-stringify/-/fast-json-stable-stringify-2.1.0.tgz",
			"integrity": "sha512-lhd/wF+Lk98HZoTCtlVraHtfh5XYijIjalXck7saUtuanSDyLMxnHhSXEDJqHxD7msR8D0uCmqlkwjCV8xvwHw==",
			"dev": true
		},
		"fast-levenshtein": {
			"version": "2.0.6",
			"resolved": "https://registry.npmjs.org/fast-levenshtein/-/fast-levenshtein-2.0.6.tgz",
			"integrity": "sha512-DCXu6Ifhqcks7TZKY3Hxp3y6qphY5SJZmrWMDrKcERSOXWQdMhU9Ig/PYrzyw/ul9jOIyh0N4M0tbC5hodg8dw==",
			"dev": true
		},
		"file-entry-cache": {
			"version": "6.0.1",
			"resolved": "https://registry.npmjs.org/file-entry-cache/-/file-entry-cache-6.0.1.tgz",
			"integrity": "sha512-7Gps/XWymbLk2QLYK4NzpMOrYjMhdIxXuIvy2QBsLE6ljuodKvdkWs/cpyJJ3CVIVpH0Oi1Hvg1ovbMzLdFBBg==",
			"dev": true,
			"requires": {
				"flat-cache": "^3.0.4"
			}
		},
		"flat-cache": {
			"version": "3.0.4",
			"resolved": "https://registry.npmjs.org/flat-cache/-/flat-cache-3.0.4.tgz",
			"integrity": "sha512-dm9s5Pw7Jc0GvMYbshN6zchCA9RgQlzzEZX3vylR9IqFfS8XciblUXOKfW6SiuJ0e13eDYZoZV5wdrev7P3Nwg==",
			"dev": true,
			"requires": {
				"flatted": "^3.1.0",
				"rimraf": "^3.0.2"
			}
		},
		"flatted": {
			"version": "3.2.5",
			"resolved": "https://registry.npmjs.org/flatted/-/flatted-3.2.5.tgz",
			"integrity": "sha512-WIWGi2L3DyTUvUrwRKgGi9TwxQMUEqPOPQBVi71R96jZXJdFskXEmf54BoZaS1kknGODoIGASGEzBUYdyMCBJg==",
			"dev": true
		},
		"fs.realpath": {
			"version": "1.0.0",
			"resolved": "https://registry.npmjs.org/fs.realpath/-/fs.realpath-1.0.0.tgz",
			"integrity": "sha512-OO0pH2lK6a0hZnAdau5ItzHPI6pUlvI7jMVnxUQRtw4owF2wk8lOSabtGDCTP4Ggrg2MbGnWO9X8K1t4+fGMDw==",
			"dev": true
		},
		"functional-red-black-tree": {
			"version": "1.0.1",
			"resolved": "https://registry.npmjs.org/functional-red-black-tree/-/functional-red-black-tree-1.0.1.tgz",
			"integrity": "sha512-dsKNQNdj6xA3T+QlADDA7mOSlX0qiMINjn0cgr+eGHGsbSHzTabcIogz2+p/iqP1Xs6EP/sS2SbqH+brGTbq0g==",
			"dev": true
		},
		"glob": {
			"version": "7.2.3",
			"resolved": "https://registry.npmjs.org/glob/-/glob-7.2.3.tgz",
			"integrity": "sha512-nFR0zLpU2YCaRxwoCJvL6UvCH2JFyFVIvwTLsIf21AuHlMskA1hhTdk+LlYJtOlYt9v6dvszD2BGRqBL+iQK9Q==",
			"dev": true,
			"requires": {
				"fs.realpath": "^1.0.0",
				"inflight": "^1.0.4",
				"inherits": "2",
				"minimatch": "^3.1.1",
				"once": "^1.3.0",
				"path-is-absolute": "^1.0.0"
			}
		},
		"glob-parent": {
			"version": "6.0.2",
			"resolved": "https://registry.npmjs.org/glob-parent/-/glob-parent-6.0.2.tgz",
			"integrity": "sha512-XxwI8EOhVQgWp6iDL+3b0r86f4d6AX6zSU55HfB4ydCEuXLXc5FcYeOu+nnGftS4TEju/11rt4KJPTMgbfmv4A==",
			"dev": true,
			"requires": {
				"is-glob": "^4.0.3"
			}
		},
		"globals": {
			"version": "13.15.0",
			"resolved": "https://registry.npmjs.org/globals/-/globals-13.15.0.tgz",
			"integrity": "sha512-bpzcOlgDhMG070Av0Vy5Owklpv1I6+j96GhUI7Rh7IzDCKLzboflLrrfqMu8NquDbiR4EOQk7XzJwqVJxicxog==",
			"dev": true,
			"requires": {
				"type-fest": "^0.20.2"
			}
		},
		"gsap": {
			"version": "3.10.4",
			"resolved": "https://registry.npmjs.org/gsap/-/gsap-3.10.4.tgz",
			"integrity": "sha512-6QatdkKxXCMfvCW4rM++0RqyLQAzFX5nwl3yHS0XPgkZBkiSEY3VZVbMltrdtsbER/xZonLtyHt684wRp4erlQ=="
		},
		"has-flag": {
			"version": "4.0.0",
			"resolved": "https://registry.npmjs.org/has-flag/-/has-flag-4.0.0.tgz",
			"integrity": "sha512-EykJT/Q1KjTWctppgIAgfSO0tKVuZUjhgMr17kqTumMl6Afv3EISleU7qZUzoXDFTAHTDC4NOoG/ZxU3EvlMPQ==",
			"dev": true
		},
		"ignore": {
			"version": "5.2.0",
			"resolved": "https://registry.npmjs.org/ignore/-/ignore-5.2.0.tgz",
			"integrity": "sha512-CmxgYGiEPCLhfLnpPp1MoRmifwEIOgjcHXxOBjv7mY96c+eWScsOP9c112ZyLdWHi0FxHjI+4uVhKYp/gcdRmQ==",
			"dev": true
		},
		"import-fresh": {
			"version": "3.3.0",
			"resolved": "https://registry.npmjs.org/import-fresh/-/import-fresh-3.3.0.tgz",
			"integrity": "sha512-veYYhQa+D1QBKznvhUHxb8faxlrwUnxseDAbAp457E0wLNio2bOSKnjYDhMj+YiAq61xrMGhQk9iXVk5FzgQMw==",
			"dev": true,
			"requires": {
				"parent-module": "^1.0.0",
				"resolve-from": "^4.0.0"
			}
		},
		"imurmurhash": {
			"version": "0.1.4",
			"resolved": "https://registry.npmjs.org/imurmurhash/-/imurmurhash-0.1.4.tgz",
			"integrity": "sha512-JmXMZ6wuvDmLiHEml9ykzqO6lwFbof0GG4IkcGaENdCRDDmMVnny7s5HsIgHCbaq0w2MyPhDqkhTUgS2LU2PHA==",
			"dev": true
		},
		"inflight": {
			"version": "1.0.6",
			"resolved": "https://registry.npmjs.org/inflight/-/inflight-1.0.6.tgz",
			"integrity": "sha512-k92I/b08q4wvFscXCLvqfsHCrjrF7yiXsQuIVvVE7N82W3+aqpzuUdBbfhWcy/FZR3/4IgflMgKLOsvPDrGCJA==",
			"dev": true,
			"requires": {
				"once": "^1.3.0",
				"wrappy": "1"
			}
		},
		"inherits": {
			"version": "2.0.4",
			"resolved": "https://registry.npmjs.org/inherits/-/inherits-2.0.4.tgz",
			"integrity": "sha512-k/vGaX4/Yla3WzyMCvTQOXYeIHvqOKtnqBduzTHpzpQZzAskKMhZ2K+EnBiSM9zGSoIFeMpXKxa4dYeZIQqewQ==",
			"dev": true
		},
		"is-extglob": {
			"version": "2.1.1",
			"resolved": "https://registry.npmjs.org/is-extglob/-/is-extglob-2.1.1.tgz",
			"integrity": "sha512-SbKbANkN603Vi4jEZv49LeVJMn4yGwsbzZworEoyEiutsN3nJYdbO36zfhGJ6QEDpOZIFkDtnq5JRxmvl3jsoQ==",
			"dev": true
		},
		"is-glob": {
			"version": "4.0.3",
			"resolved": "https://registry.npmjs.org/is-glob/-/is-glob-4.0.3.tgz",
			"integrity": "sha512-xelSayHH36ZgE7ZWhli7pW34hNbNl8Ojv5KVmkJD4hBdD3th8Tfk9vYasLM+mXWOZhFkgZfxhLSnrwRr4elSSg==",
			"dev": true,
			"requires": {
				"is-extglob": "^2.1.1"
			}
		},
		"isexe": {
			"version": "2.0.0",
			"resolved": "https://registry.npmjs.org/isexe/-/isexe-2.0.0.tgz",
			"integrity": "sha512-RHxMLp9lnKHGHRng9QFhRCMbYAcVpn69smSGcq3f36xjgVVWThj4qqLbTLlq7Ssj8B+fIQ1EuCEGI2lKsyQeIw==",
			"dev": true
		},
		"ismobilejs": {
			"version": "1.1.1",
			"resolved": "https://registry.npmjs.org/ismobilejs/-/ismobilejs-1.1.1.tgz",
			"integrity": "sha512-VaFW53yt8QO61k2WJui0dHf4SlL8lxBofUuUmwBo0ljPk0Drz2TiuDW4jo3wDcv41qy/SxrJ+VAzJ/qYqsmzRw=="
		},
		"js-yaml": {
			"version": "4.1.0",
			"resolved": "https://registry.npmjs.org/js-yaml/-/js-yaml-4.1.0.tgz",
			"integrity": "sha512-wpxZs9NoxZaJESJGIZTyDEaYpl0FKSA+FB9aJiyemKhMwkxQg63h4T1KJgUGHpTqPDNRcmmYLugrRjJlBtWvRA==",
			"dev": true,
			"requires": {
				"argparse": "^2.0.1"
			}
		},
		"json-schema-traverse": {
			"version": "0.4.1",
			"resolved": "https://registry.npmjs.org/json-schema-traverse/-/json-schema-traverse-0.4.1.tgz",
			"integrity": "sha512-xbbCH5dCYU5T8LcEhhuh7HJ88HXuW3qsI3Y0zOZFKfZEHcpWiHU/Jxzk629Brsab/mMiHQti9wMP+845RPe3Vg==",
			"dev": true
		},
		"json-stable-stringify-without-jsonify": {
			"version": "1.0.1",
			"resolved": "https://registry.npmjs.org/json-stable-stringify-without-jsonify/-/json-stable-stringify-without-jsonify-1.0.1.tgz",
			"integrity": "sha512-Bdboy+l7tA3OGW6FjyFHWkP5LuByj1Tk33Ljyq0axyzdk9//JSi2u3fP1QSmd1KNwq6VOKYGlAu87CisVir6Pw==",
			"dev": true
		},
		"levn": {
			"version": "0.4.1",
			"resolved": "https://registry.npmjs.org/levn/-/levn-0.4.1.tgz",
			"integrity": "sha512-+bT2uH4E5LGE7h/n3evcS/sQlJXCpIp6ym8OWJ5eV6+67Dsql/LaaT7qJBAt2rzfoa/5QBGBhxDix1dMt2kQKQ==",
			"dev": true,
			"requires": {
				"prelude-ls": "^1.2.1",
				"type-check": "~0.4.0"
			}
		},
		"lodash.merge": {
			"version": "4.6.2",
			"resolved": "https://registry.npmjs.org/lodash.merge/-/lodash.merge-4.6.2.tgz",
			"integrity": "sha512-0KpjqXRVvrYyCsX1swR/XTK0va6VQkQM6MNo7PqW77ByjAhoARA8EfrP1N4+KlKj8YS0ZUCtRT/YUuhyYDujIQ==",
			"dev": true
		},
		"minimatch": {
			"version": "3.1.2",
			"resolved": "https://registry.npmjs.org/minimatch/-/minimatch-3.1.2.tgz",
			"integrity": "sha512-J7p63hRiAjw1NDEww1W7i37+ByIrOWO5XQQAzZ3VOcL0PNybwpfmV/N05zFAzwQ9USyEcX6t3UO+K5aqBQOIHw==",
			"dev": true,
			"requires": {
				"brace-expansion": "^1.1.7"
			}
		},
		"ms": {
			"version": "2.1.2",
			"resolved": "https://registry.npmjs.org/ms/-/ms-2.1.2.tgz",
			"integrity": "sha512-sGkPx+VjMtmA6MX27oA4FBFELFCZZ4S4XqeGOXCv68tT+jb3vk/RyaKWP0PTKyWtmLSM0b+adUTEvbs1PEaH2w==",
			"dev": true
		},
		"natural-compare": {
			"version": "1.4.0",
			"resolved": "https://registry.npmjs.org/natural-compare/-/natural-compare-1.4.0.tgz",
			"integrity": "sha1-Sr6/7tdUHywnrPspvbvRXI1bpPc=",
			"dev": true
		},
		"object-assign": {
			"version": "4.1.1",
			"resolved": "https://registry.npmjs.org/object-assign/-/object-assign-4.1.1.tgz",
			"integrity": "sha1-IQmtx5ZYh8/AXLvUQsrIv7s2CGM="
		},
		"once": {
			"version": "1.4.0",
			"resolved": "https://registry.npmjs.org/once/-/once-1.4.0.tgz",
			"integrity": "sha1-WDsap3WWHUsROsF9nFC6753Xa9E=",
			"dev": true,
			"requires": {
				"wrappy": "1"
			}
		},
		"optionator": {
			"version": "0.9.1",
			"resolved": "https://registry.npmjs.org/optionator/-/optionator-0.9.1.tgz",
			"integrity": "sha512-74RlY5FCnhq4jRxVUPKDaRwrVNXMqsGsiW6AJw4XK8hmtm10wC0ypZBLw5IIp85NZMr91+qd1RvvENwg7jjRFw==",
			"dev": true,
			"requires": {
				"deep-is": "^0.1.3",
				"fast-levenshtein": "^2.0.6",
				"levn": "^0.4.1",
				"prelude-ls": "^1.2.1",
				"type-check": "^0.4.0",
				"word-wrap": "^1.2.3"
			}
		},
		"parent-module": {
			"version": "1.0.1",
			"resolved": "https://registry.npmjs.org/parent-module/-/parent-module-1.0.1.tgz",
			"integrity": "sha512-GQ2EWRpQV8/o+Aw8YqtfZZPfNRWZYkbidE9k5rpl/hC3vtHHBfGm2Ifi6qWV+coDGkrUKZAxE3Lot5kcsRlh+g==",
			"dev": true,
			"requires": {
				"callsites": "^3.0.0"
			}
		},
		"path-is-absolute": {
			"version": "1.0.1",
			"resolved": "https://registry.npmjs.org/path-is-absolute/-/path-is-absolute-1.0.1.tgz",
			"integrity": "sha1-F0uSaHNVNP+8es5r9TpanhtcX18=",
			"dev": true
		},
		"path-key": {
			"version": "3.1.1",
			"resolved": "https://registry.npmjs.org/path-key/-/path-key-3.1.1.tgz",
			"integrity": "sha512-ojmeN0qd+y0jszEtoY48r0Peq5dwMEkIlCOu6Q5f41lfkswXuKtYrhgoTpLnyIcHm24Uhqx+5Tqm2InSwLhE6Q==",
			"dev": true
		},
		"pixi-spine": {
			"version": "3.0.15",
			"resolved": "https://registry.npmjs.org/pixi-spine/-/pixi-spine-3.0.15.tgz",
			"integrity": "sha512-hzIewZaaZa/iQUXGzoaHhgiFm8wHqePDxYJ0BUHUbPUyUNFWzm/fu6I9vynu9FpLM0m6HNur2acDWlYC5kTqUQ==",
			"requires": {
				"@pixi-spine/base": "~3.0.15",
				"@pixi-spine/loader-base": "~3.0.15",
				"@pixi-spine/loader-uni": "~3.0.15",
				"@pixi-spine/runtime-3.7": "~3.0.15",
				"@pixi-spine/runtime-3.8": "~3.0.15",
				"@pixi-spine/runtime-4.0": "~3.0.15"
			}
		},
		"pixi.js": {
			"version": "6.3.2",
			"resolved": "https://registry.npmjs.org/pixi.js/-/pixi.js-6.3.2.tgz",
			"integrity": "sha512-XEF59IQRouXCkTSCwNrNvr08/FY3Dai4lwNdrgh5SLeS4Hmn+lNURq2auM+4lYPfsXtQdpZNdJ5iYrFwP41JvA==",
			"requires": {
				"@pixi/accessibility": "6.3.2",
				"@pixi/app": "6.3.2",
				"@pixi/compressed-textures": "6.3.2",
				"@pixi/constants": "6.3.2",
				"@pixi/core": "6.3.2",
				"@pixi/display": "6.3.2",
				"@pixi/extract": "6.3.2",
				"@pixi/filter-alpha": "6.3.2",
				"@pixi/filter-blur": "6.3.2",
				"@pixi/filter-color-matrix": "6.3.2",
				"@pixi/filter-displacement": "6.3.2",
				"@pixi/filter-fxaa": "6.3.2",
				"@pixi/filter-noise": "6.3.2",
				"@pixi/graphics": "6.3.2",
				"@pixi/interaction": "6.3.2",
				"@pixi/loaders": "6.3.2",
				"@pixi/math": "6.3.2",
				"@pixi/mesh": "6.3.2",
				"@pixi/mesh-extras": "6.3.2",
				"@pixi/mixin-cache-as-bitmap": "6.3.2",
				"@pixi/mixin-get-child-by-name": "6.3.2",
				"@pixi/mixin-get-global-position": "6.3.2",
				"@pixi/particle-container": "6.3.2",
				"@pixi/polyfill": "6.3.2",
				"@pixi/prepare": "6.3.2",
				"@pixi/runner": "6.3.2",
				"@pixi/settings": "6.3.2",
				"@pixi/sprite": "6.3.2",
				"@pixi/sprite-animated": "6.3.2",
				"@pixi/sprite-tiling": "6.3.2",
				"@pixi/spritesheet": "6.3.2",
				"@pixi/text": "6.3.2",
				"@pixi/text-bitmap": "6.3.2",
				"@pixi/ticker": "6.3.2",
				"@pixi/utils": "6.3.2"
			}
		},
		"prelude-ls": {
			"version": "1.2.1",
			"resolved": "https://registry.npmjs.org/prelude-ls/-/prelude-ls-1.2.1.tgz",
			"integrity": "sha512-vkcDPrRZo1QZLbn5RLGPpg/WmIQ65qoWWhcGKf/b5eplkkarX0m9z8ppCat4mlOqUsWpyNuYgO3VRyrYHSzX5g==",
			"dev": true
		},
		"promise-polyfill": {
			"version": "8.2.3",
			"resolved": "https://registry.npmjs.org/promise-polyfill/-/promise-polyfill-8.2.3.tgz",
			"integrity": "sha512-Og0+jCRQetV84U8wVjMNccfGCnMQ9mGs9Hv78QFe+pSDD3gWTpz0y+1QCuxy5d/vBFuZ3iwP2eycAkvqIMPmWg=="
		},
		"punycode": {
			"version": "1.3.2",
			"resolved": "https://registry.npmjs.org/punycode/-/punycode-1.3.2.tgz",
			"integrity": "sha1-llOgNvt8HuQjQvIyXM7v6jkmxI0="
		},
		"querystring": {
			"version": "0.2.0",
			"resolved": "https://registry.npmjs.org/querystring/-/querystring-0.2.0.tgz",
			"integrity": "sha1-sgmEkgO7Jd+CDadW50cAWHhSFiA="
		},
		"regexpp": {
			"version": "3.2.0",
			"resolved": "https://registry.npmjs.org/regexpp/-/regexpp-3.2.0.tgz",
			"integrity": "sha512-pq2bWo9mVD43nbts2wGv17XLiNLya+GklZ8kaDLV2Z08gDCsGpnKn9BFMepvWuHCbyVvY7J5o5+BVvoQbmlJLg==",
			"dev": true
		},
		"resolve-from": {
			"version": "4.0.0",
			"resolved": "https://registry.npmjs.org/resolve-from/-/resolve-from-4.0.0.tgz",
			"integrity": "sha512-pb/MYmXstAkysRFx8piNI1tGFNQIFA3vkE3Gq4EuA1dF6gHp/+vgZqsCGJapvy8N3Q+4o7FwvquPJcnZ7RYy4g==",
			"dev": true
		},
		"rimraf": {
			"version": "3.0.2",
			"resolved": "https://registry.npmjs.org/rimraf/-/rimraf-3.0.2.tgz",
			"integrity": "sha512-JZkJMZkAGFFPP2YqXZXPbMlMBgsxzE8ILs4lMIX/2o0L9UBw9O/Y3o6wFw/i9YLapcUJWwqbi3kdxIPdC62TIA==",
			"dev": true,
			"requires": {
				"glob": "^7.1.3"
			}
		},
		"shebang-command": {
			"version": "2.0.0",
			"resolved": "https://registry.npmjs.org/shebang-command/-/shebang-command-2.0.0.tgz",
			"integrity": "sha512-kHxr2zZpYtdmrN1qDjrrX/Z1rR1kG8Dx+gkpK1G4eXmvXswmcE1hTWBWYUzlraYw1/yZp6YuDY77YtvbN0dmDA==",
			"dev": true,
			"requires": {
				"shebang-regex": "^3.0.0"
			}
		},
		"shebang-regex": {
			"version": "3.0.0",
			"resolved": "https://registry.npmjs.org/shebang-regex/-/shebang-regex-3.0.0.tgz",
			"integrity": "sha512-7++dFhtcx3353uBaq8DDR4NuxBetBzC7ZQOhmTQInHEd6bSrXdiEyzCvG07Z44UYdLShWUyXt5M/yhz8ekcb1A==",
			"dev": true
		},
		"strip-ansi": {
			"version": "6.0.1",
			"resolved": "https://registry.npmjs.org/strip-ansi/-/strip-ansi-6.0.1.tgz",
			"integrity": "sha512-Y38VPSHcqkFrCpFnQ9vuSXmquuv5oXOKpGeT6aGrr3o3Gc9AlVa6JBfUSOCnbxGGZF+/0ooI7KrPuUSztUdU5A==",
			"dev": true,
			"requires": {
				"ansi-regex": "^5.0.1"
			}
		},
		"strip-json-comments": {
			"version": "3.1.1",
			"resolved": "https://registry.npmjs.org/strip-json-comments/-/strip-json-comments-3.1.1.tgz",
			"integrity": "sha512-6fPc+R4ihwqP6N/aIv2f1gMH8lOVtWQHoqC4yK6oSDVVocumAsfCqjkXnqiYMhmMwS/mEHLp7Vehlt3ql6lEig==",
			"dev": true
		},
		"supports-color": {
			"version": "7.2.0",
			"resolved": "https://registry.npmjs.org/supports-color/-/supports-color-7.2.0.tgz",
			"integrity": "sha512-qpCAvRl9stuOHveKsn7HncJRvv501qIacKzQlO/+Lwxc9+0q2wLyv4Dfvt80/DPn2pqOBsJdDiogXGR9+OvwRw==",
			"dev": true,
			"requires": {
				"has-flag": "^4.0.0"
			}
		},
		"text-table": {
			"version": "0.2.0",
			"resolved": "https://registry.npmjs.org/text-table/-/text-table-0.2.0.tgz",
			"integrity": "sha1-f17oI66AUgfACvLfSoTsP8+lcLQ=",
			"dev": true
		},
		"type-check": {
			"version": "0.4.0",
			"resolved": "https://registry.npmjs.org/type-check/-/type-check-0.4.0.tgz",
			"integrity": "sha512-XleUoc9uwGXqjWwXaUTZAmzMcFZ5858QA2vvx1Ur5xIcixXIP+8LnFDgRplU30us6teqdlskFfu+ae4K79Ooew==",
			"dev": true,
			"requires": {
				"prelude-ls": "^1.2.1"
			}
		},
		"type-fest": {
			"version": "0.20.2",
			"resolved": "https://registry.npmjs.org/type-fest/-/type-fest-0.20.2.tgz",
			"integrity": "sha512-Ne+eE4r0/iWnpAxD852z3A+N0Bt5RN//NjJwRd2VFHEmrywxf5vsZlh4R6lixl6B+wz/8d+maTSAkN1FIkI3LQ==",
			"dev": true
		},
		"uri-js": {
			"version": "4.4.1",
			"resolved": "https://registry.npmjs.org/uri-js/-/uri-js-4.4.1.tgz",
			"integrity": "sha512-7rKUyy33Q1yc98pQ1DAmLtwX109F7TIfWlW1Ydo8Wl1ii1SeHieeh0HHfPeL2fMXK6z0s8ecKs9frCuLJvndBg==",
			"dev": true,
			"requires": {
				"punycode": "^2.1.0"
			},
			"dependencies": {
				"punycode": {
					"version": "2.1.1",
					"resolved": "https://registry.npmjs.org/punycode/-/punycode-2.1.1.tgz",
					"integrity": "sha512-XRsRjdf+j5ml+y/6GKHPZbrF/8p2Yga0JPtdqTIY2Xe5ohJPD9saDJJLPvp9+NSBprVvevdXZybnj2cv8OEd0A==",
					"dev": true
				}
			}
		},
		"url": {
			"version": "0.11.0",
			"resolved": "https://registry.npmjs.org/url/-/url-0.11.0.tgz",
			"integrity": "sha1-ODjpfPxgUh63PFJajlW/3Z4uKPE=",
			"requires": {
				"punycode": "1.3.2",
				"querystring": "0.2.0"
			}
		},
		"v8-compile-cache": {
			"version": "2.3.0",
			"resolved": "https://registry.npmjs.org/v8-compile-cache/-/v8-compile-cache-2.3.0.tgz",
			"integrity": "sha512-l8lCEmLcLYZh4nbunNZvQCJc5pv7+RCwa8q/LdUx8u7lsWvPDKmpodJAJNwkAhJC//dFY48KuIEmjtd4RViDrA==",
			"dev": true
		},
		"which": {
			"version": "2.0.2",
			"resolved": "https://registry.npmjs.org/which/-/which-2.0.2.tgz",
			"integrity": "sha512-BLI3Tl1TW3Pvl70l3yq3Y64i+awpwXqsGBYWkkqMtnbXgrMD+yj7rhW0kuEDxzJaYXGjEW5ogapKNMEKNMjibA==",
			"dev": true,
			"requires": {
				"isexe": "^2.0.0"
			}
		},
		"word-wrap": {
			"version": "1.2.3",
			"resolved": "https://registry.npmjs.org/word-wrap/-/word-wrap-1.2.3.tgz",
			"integrity": "sha512-Hz/mrNwitNRh/HUAtM/VT/5VH+ygD6DV7mYKZAtHOrbs8U7lvPS6xf7EJKMF0uW1KJCl0H701g3ZGus+muE5vQ==",
			"dev": true
		},
		"wrappy": {
			"version": "1.0.2",
			"resolved": "https://registry.npmjs.org/wrappy/-/wrappy-1.0.2.tgz",
			"integrity": "sha1-tSQ9jz7BqjXxNkYFvA0QNuMKtp8=",
			"dev": true
		}
	}
}